
Microsoft Visual Studio Solution File, Format Version 12.00
# Visual Studio Version 17
VisualStudioVersion = 17.6.33829.357
MinimumVisualStudioVersion = 10.0.40219.1
Project("{9A19103F-16F7-4668-BE54-9A1E7A4F7556}") = "AppScheduler", "AppScheduler.csproj", "{1085172B-AB00-4A6F-9057-D7AC40DF3F36}"
EndProject
Global
	GlobalSection(SolutionConfigurationPlatforms) = preSolution
		Debug|Any CPU = Debug|Any CPU
		Debug|x64 = Debug|x64
		Release|Any CPU = Release|Any CPU
		Release|x64 = Release|x64
	EndGlobalSection
	GlobalSection(ProjectConfigurationPlatforms) = postSolution
		{1085172B-AB00-4A6F-9057-D7AC40DF3F36}.Debug|Any CPU.ActiveCfg = Debug|Any CPU
		{1085172B-AB00-4A6F-9057-D7AC40DF3F36}.Debug|Any CPU.Build.0 = Debug|Any CPU
		{1085172B-AB00-4A6F-9057-D7AC40DF3F36}.Debug|x64.ActiveCfg = Debug|x64
		{1085172B-AB00-4A6F-9057-D7AC40DF3F36}.Debug|x64.Build.0 = Debug|x64
		{1085172B-AB00-4A6F-9057-D7AC40DF3F36}.Release|Any CPU.ActiveCfg = Release|x64
		{1085172B-AB00-4A6F-9057-D7AC40DF3F36}.Release|Any CPU.Build.0 = Release|x64
		{1085172B-AB00-4A6F-9057-D7AC40DF3F36}.Release|x64.ActiveCfg = Release|x64
		{1085172B-AB00-4A6F-9057-D7AC40DF3F36}.Release|x64.Build.0 = Release|x64
	EndGlobalSection
	GlobalSection(SolutionProperties) = preSolution
		HideSolutionNode = FALSE
	EndGlobalSection
	GlobalSection(ExtensibilityGlobals) = postSolution
		SolutionGuid = {A3CC26C3-6C50-464E-82A9-F5F486E85F69}
	EndGlobalSection
EndGlobal
